
Microsoft Visual Studio Solution File, Format Version 12.00
Project("{FAE04EC0-301F-11D3-BF4B-00C04F79EFBC}") = "ezApps.TaskService.Api", "ezApps.TaskService.Api\ezApps.TaskService.Api.csproj", "{A9FA6198-F45B-4DC7-BE7C-A7ACAAB9AE57}"
EndProject
Project("{FAE04EC0-301F-11D3-BF4B-00C04F79EFBC}") = "ezApps.TaskService.Application", "ezApps.TaskService.Application\ezApps.TaskService.Application.csproj", "{03924A66-003F-4D8C-AB12-C545EE23DEB2}"
EndProject
Project("{FAE04EC0-301F-11D3-BF4B-00C04F79EFBC}") = "ezApps.TaskService.Domain", "ezApps.TaskService.Domain\ezApps.TaskService.Domain.csproj", "{F65E6775-4476-488E-936F-1BDE608E1E27}"
EndProject
Project("{FAE04EC0-301F-11D3-BF4B-00C04F79EFBC}") = "ezApps.TaskService.Infrastructure", "ezApps.TaskService.Infrastructure\ezApps.TaskService.Infrastructure.csproj", "{EE3C0201-E393-404C-8312-732A5C655C03}"
EndProject
Project("{2150E333-8FDC-42A3-9474-1A3956D46DE8}") = "Solution Folder", "Solution Folder", "{1F5BCC07-B841-40AB-92CF-D84858783E34}"
	ProjectSection(SolutionItems) = preProject
		README.md = README.md
		.gitignore = .gitignore
		docker-compose.yml = docker-compose.yml
	EndProjectSection
EndProject
Project("{2150E333-8FDC-42A3-9474-1A3956D46DE8}") = "User Service", "User Service", "{A729B6C2-BEFE-4D63-8500-3CC2CBE50B53}"
	ProjectSection(SolutionItems) = preProject
		ezapps-user-api.dockerfile = ezapps-user-api.dockerfile
		UserService.md = UserService.md
	EndProjectSection
EndProject
Project("{2150E333-8FDC-42A3-9474-1A3956D46DE8}") = "Task Service", "Task Service", "{7A1DF9B7-BA93-4B36-9223-266AC507190D}"
	ProjectSection(SolutionItems) = preProject
		TaskService.md = TaskService.md
		ezapps-task-api.dockerfile = ezapps-task-api.dockerfile
	EndProjectSection
EndProject
Project("{FAE04EC0-301F-11D3-BF4B-00C04F79EFBC}") = "ezApps.UserService.Api", "ezApps.UserService.Api\ezApps.UserService.Api.csproj", "{D64B5E10-2A63-4DFA-8DD6-BD63369B8CD0}"
EndProject
Project("{FAE04EC0-301F-11D3-BF4B-00C04F79EFBC}") = "ezApps.UserService.Application", "ezApps.UserService.Application\ezApps.UserService.Application.csproj", "{B8046496-C155-4B70-AA04-429FAED4A47A}"
EndProject
Project("{FAE04EC0-301F-11D3-BF4B-00C04F79EFBC}") = "ezApps.UserService.Domain", "ezApps.UserService.Domain\ezApps.UserService.Domain.csproj", "{4A20583D-00CE-454F-9BDC-534FFED76BAC}"
EndProject
Project("{FAE04EC0-301F-11D3-BF4B-00C04F79EFBC}") = "ezApps.UserService.Infrastructure", "ezApps.UserService.Infrastructure\ezApps.UserService.Infrastructure.csproj", "{26CD087B-57CA-44F5-9C35-4CBB317C8BE0}"
EndProject
Project("{2150E333-8FDC-42A3-9474-1A3956D46DE8}") = "Secrets", "Secrets", "{6B6A77F2-B82B-4983-9F5D-6D24FFE9204B}"
	ProjectSection(SolutionItems) = preProject
		secrets\ez-apps-admin-sdk.json = secrets\ez-apps-admin-sdk.json
		secrets\task-service-secrets.json = secrets\task-service-secrets.json
		secrets\user-service-secrets.json = secrets\user-service-secrets.json
	EndProjectSection
EndProject
Project("{2150E333-8FDC-42A3-9474-1A3956D46DE8}") = "GithubActions", "GithubActions", "{466536B4-5A11-44F9-9A1C-D99E2CD05281}"
	ProjectSection(SolutionItems) = preProject
		.github\workflows\build-task-service.yml = .github\workflows\build-task-service.yml
		.github\workflows\build-user-service.yml = .github\workflows\build-user-service.yml
		.github\workflows\build-fe.yml = .github\workflows\build-fe.yml
		.github\workflows\build-fe-local.yml = .github\workflows\build-fe-local.yml
	EndProjectSection
EndProject
Project("{2150E333-8FDC-42A3-9474-1A3956D46DE8}") = "dockerfiles", "dockerfiles", "{DF5363C8-55F7-4BA0-B696-0FEEBC6A4B02}"
	ProjectSection(SolutionItems) = preProject
		ezapps-fe.dockerfile = ezapps-fe.dockerfile
		ezapps-task-api.dockerfile = ezapps-task-api.dockerfile
		ezapps-user-api.dockerfile = ezapps-user-api.dockerfile
	EndProjectSection
EndProject
Global
	GlobalSection(SolutionConfigurationPlatforms) = preSolution
		Debug|Any CPU = Debug|Any CPU
		Release|Any CPU = Release|Any CPU
	EndGlobalSection
	GlobalSection(ProjectConfigurationPlatforms) = postSolution
		{A9FA6198-F45B-4DC7-BE7C-A7ACAAB9AE57}.Debug|Any CPU.ActiveCfg = Debug|Any CPU
		{A9FA6198-F45B-4DC7-BE7C-A7ACAAB9AE57}.Debug|Any CPU.Build.0 = Debug|Any CPU
		{A9FA6198-F45B-4DC7-BE7C-A7ACAAB9AE57}.Release|Any CPU.ActiveCfg = Release|Any CPU
		{A9FA6198-F45B-4DC7-BE7C-A7ACAAB9AE57}.Release|Any CPU.Build.0 = Release|Any CPU
		{03924A66-003F-4D8C-AB12-C545EE23DEB2}.Debug|Any CPU.ActiveCfg = Debug|Any CPU
		{03924A66-003F-4D8C-AB12-C545EE23DEB2}.Debug|Any CPU.Build.0 = Debug|Any CPU
		{03924A66-003F-4D8C-AB12-C545EE23DEB2}.Release|Any CPU.ActiveCfg = Release|Any CPU
		{03924A66-003F-4D8C-AB12-C545EE23DEB2}.Release|Any CPU.Build.0 = Release|Any CPU
		{F65E6775-4476-488E-936F-1BDE608E1E27}.Debug|Any CPU.ActiveCfg = Debug|Any CPU
		{F65E6775-4476-488E-936F-1BDE608E1E27}.Debug|Any CPU.Build.0 = Debug|Any CPU
		{F65E6775-4476-488E-936F-1BDE608E1E27}.Release|Any CPU.ActiveCfg = Release|Any CPU
		{F65E6775-4476-488E-936F-1BDE608E1E27}.Release|Any CPU.Build.0 = Release|Any CPU
		{EE3C0201-E393-404C-8312-732A5C655C03}.Debug|Any CPU.ActiveCfg = Debug|Any CPU
		{EE3C0201-E393-404C-8312-732A5C655C03}.Debug|Any CPU.Build.0 = Debug|Any CPU
		{EE3C0201-E393-404C-8312-732A5C655C03}.Release|Any CPU.ActiveCfg = Release|Any CPU
		{EE3C0201-E393-404C-8312-732A5C655C03}.Release|Any CPU.Build.0 = Release|Any CPU
		{D64B5E10-2A63-4DFA-8DD6-BD63369B8CD0}.Debug|Any CPU.ActiveCfg = Debug|Any CPU
		{D64B5E10-2A63-4DFA-8DD6-BD63369B8CD0}.Debug|Any CPU.Build.0 = Debug|Any CPU
		{D64B5E10-2A63-4DFA-8DD6-BD63369B8CD0}.Release|Any CPU.ActiveCfg = Release|Any CPU
		{D64B5E10-2A63-4DFA-8DD6-BD63369B8CD0}.Release|Any CPU.Build.0 = Release|Any CPU
		{B8046496-C155-4B70-AA04-429FAED4A47A}.Debug|Any CPU.ActiveCfg = Debug|Any CPU
		{B8046496-C155-4B70-AA04-429FAED4A47A}.Debug|Any CPU.Build.0 = Debug|Any CPU
		{B8046496-C155-4B70-AA04-429FAED4A47A}.Release|Any CPU.ActiveCfg = Release|Any CPU
		{B8046496-C155-4B70-AA04-429FAED4A47A}.Release|Any CPU.Build.0 = Release|Any CPU
		{4A20583D-00CE-454F-9BDC-534FFED76BAC}.Debug|Any CPU.ActiveCfg = Debug|Any CPU
		{4A20583D-00CE-454F-9BDC-534FFED76BAC}.Debug|Any CPU.Build.0 = Debug|Any CPU
		{4A20583D-00CE-454F-9BDC-534FFED76BAC}.Release|Any CPU.ActiveCfg = Release|Any CPU
		{4A20583D-00CE-454F-9BDC-534FFED76BAC}.Release|Any CPU.Build.0 = Release|Any CPU
		{26CD087B-57CA-44F5-9C35-4CBB317C8BE0}.Debug|Any CPU.ActiveCfg = Debug|Any CPU
		{26CD087B-57CA-44F5-9C35-4CBB317C8BE0}.Debug|Any CPU.Build.0 = Debug|Any CPU
		{26CD087B-57CA-44F5-9C35-4CBB317C8BE0}.Release|Any CPU.ActiveCfg = Release|Any CPU
		{26CD087B-57CA-44F5-9C35-4CBB317C8BE0}.Release|Any CPU.Build.0 = Release|Any CPU
	EndGlobalSection
	GlobalSection(NestedProjects) = preSolution
		{A9FA6198-F45B-4DC7-BE7C-A7ACAAB9AE57} = {7A1DF9B7-BA93-4B36-9223-266AC507190D}
		{03924A66-003F-4D8C-AB12-C545EE23DEB2} = {7A1DF9B7-BA93-4B36-9223-266AC507190D}
		{F65E6775-4476-488E-936F-1BDE608E1E27} = {7A1DF9B7-BA93-4B36-9223-266AC507190D}
		{EE3C0201-E393-404C-8312-732A5C655C03} = {7A1DF9B7-BA93-4B36-9223-266AC507190D}
		{D64B5E10-2A63-4DFA-8DD6-BD63369B8CD0} = {A729B6C2-BEFE-4D63-8500-3CC2CBE50B53}
		{B8046496-C155-4B70-AA04-429FAED4A47A} = {A729B6C2-BEFE-4D63-8500-3CC2CBE50B53}
		{4A20583D-00CE-454F-9BDC-534FFED76BAC} = {A729B6C2-BEFE-4D63-8500-3CC2CBE50B53}
		{26CD087B-57CA-44F5-9C35-4CBB317C8BE0} = {A729B6C2-BEFE-4D63-8500-3CC2CBE50B53}
		{6B6A77F2-B82B-4983-9F5D-6D24FFE9204B} = {1F5BCC07-B841-40AB-92CF-D84858783E34}
		{466536B4-5A11-44F9-9A1C-D99E2CD05281} = {1F5BCC07-B841-40AB-92CF-D84858783E34}
		{DF5363C8-55F7-4BA0-B696-0FEEBC6A4B02} = {1F5BCC07-B841-40AB-92CF-D84858783E34}
	EndGlobalSection
EndGlobal
