
Microsoft Visual Studio Solution File, Format Version 12.00
Project("{2150E333-8FDC-42A3-9474-1A3956D46DE8}") = "Solution Folder", "Solution Folder", "{1F5BCC07-B841-40AB-92CF-D84858783E34}"
	ProjectSection(SolutionItems) = preProject
		README.md = README.md
		.gitignore = .gitignore
		docker-compose.yml = docker-compose.yml
	EndProjectSection
EndProject
Project("{2150E333-8FDC-42A3-9474-1A3956D46DE8}") = "User Service", "User Service", "{A729B6C2-BEFE-4D63-8500-3CC2CBE50B53}"
EndProject
Project("{2150E333-8FDC-42A3-9474-1A3956D46DE8}") = "Task Service", "Task Service", "{7A1DF9B7-BA93-4B36-9223-266AC507190D}"
EndProject
Project("{2150E333-8FDC-42A3-9474-1A3956D46DE8}") = "Secrets", "Secrets", "{6B6A77F2-B82B-4983-9F5D-6D24FFE9204B}"
	ProjectSection(SolutionItems) = preProject
		secrets\task-service-secrets.json = secrets\task-service-secrets.json
		secrets\user-service-secrets.json = secrets\user-service-secrets.json
	EndProjectSection
EndProject
Project("{2150E333-8FDC-42A3-9474-1A3956D46DE8}") = "GithubActions", "GithubActions", "{466536B4-5A11-44F9-9A1C-D99E2CD05281}"
	ProjectSection(SolutionItems) = preProject
		.github\workflows\build-task-service.yml = .github\workflows\build-task-service.yml
		.github\workflows\build-user-service.yml = .github\workflows\build-user-service.yml
		.github\workflows\build-fe.yml = .github\workflows\build-fe.yml
	EndProjectSection
EndProject
Project("{2150E333-8FDC-42A3-9474-1A3956D46DE8}") = "dockerfiles", "dockerfiles", "{DF5363C8-55F7-4BA0-B696-0FEEBC6A4B02}"
	ProjectSection(SolutionItems) = preProject
		eztalo-fe.dockerfile = eztalo-fe.dockerfile
		eztalo-task-api.dockerfile = eztalo-task-api.dockerfile
		eztalo-user-api.dockerfile = eztalo-user-api.dockerfile
	EndProjectSection
EndProject
Project("{FAE04EC0-301F-11D3-BF4B-00C04F79EFBC}") = "eztalo.TaskService.Api", "backend\eztalo.TaskService.Api\eztalo.TaskService.Api.csproj", "{03EAEC49-35EE-4469-ADB7-2059413853F2}"
EndProject
Project("{FAE04EC0-301F-11D3-BF4B-00C04F79EFBC}") = "eztalo.TaskService.Application", "backend\eztalo.TaskService.Application\eztalo.TaskService.Application.csproj", "{CD31999C-E4A9-4936-B3CF-5B5344C47EBA}"
EndProject
Project("{FAE04EC0-301F-11D3-BF4B-00C04F79EFBC}") = "eztalo.TaskService.Domain", "backend\eztalo.TaskService.Domain\eztalo.TaskService.Domain.csproj", "{715E67D2-7BC2-4CB1-8890-C45082D4F700}"
EndProject
Project("{FAE04EC0-301F-11D3-BF4B-00C04F79EFBC}") = "eztalo.TaskService.Infrastructure", "backend\eztalo.TaskService.Infrastructure\eztalo.TaskService.Infrastructure.csproj", "{67725A5B-1DD1-4540-8030-1B6DB24119AC}"
EndProject
Project("{FAE04EC0-301F-11D3-BF4B-00C04F79EFBC}") = "eztalo.UserService.Api", "backend\eztalo.UserService.Api\eztalo.UserService.Api.csproj", "{44F12063-F2B7-49B9-BC38-78FA112723E8}"
EndProject
Project("{FAE04EC0-301F-11D3-BF4B-00C04F79EFBC}") = "eztalo.UserService.Application", "backend\eztalo.UserService.Application\eztalo.UserService.Application.csproj", "{B6FB4EAB-4CDD-4C78-9514-DE3610CF6698}"
EndProject
Project("{FAE04EC0-301F-11D3-BF4B-00C04F79EFBC}") = "eztalo.UserService.Infrastructure", "backend\eztalo.UserService.Infrastructure\eztalo.UserService.Infrastructure.csproj", "{8E9A439E-AF84-40B5-8E71-3F9B1BE46A06}"
EndProject
Project("{FAE04EC0-301F-11D3-BF4B-00C04F79EFBC}") = "eztalo.UserService.Domain", "backend\eztalo.UserService.Domain\eztalo.UserService.Domain.csproj", "{48E31DED-1D8B-4D5E-8DA5-ACDFC589593E}"
EndProject
Project("{FAE04EC0-301F-11D3-BF4B-00C04F79EFBC}") = "eztalo.Api.Core", "backend\eztalo.Api.Core\eztalo.Api.Core.csproj", "{B4D8AB75-8837-4895-8C3B-1211F50BCF6E}"
EndProject
Global
	GlobalSection(SolutionConfigurationPlatforms) = preSolution
		Debug|Any CPU = Debug|Any CPU
		Release|Any CPU = Release|Any CPU
	EndGlobalSection
	GlobalSection(ProjectConfigurationPlatforms) = postSolution
		{03EAEC49-35EE-4469-ADB7-2059413853F2}.Debug|Any CPU.ActiveCfg = Debug|Any CPU
		{03EAEC49-35EE-4469-ADB7-2059413853F2}.Debug|Any CPU.Build.0 = Debug|Any CPU
		{03EAEC49-35EE-4469-ADB7-2059413853F2}.Release|Any CPU.ActiveCfg = Release|Any CPU
		{03EAEC49-35EE-4469-ADB7-2059413853F2}.Release|Any CPU.Build.0 = Release|Any CPU
		{CD31999C-E4A9-4936-B3CF-5B5344C47EBA}.Debug|Any CPU.ActiveCfg = Debug|Any CPU
		{CD31999C-E4A9-4936-B3CF-5B5344C47EBA}.Debug|Any CPU.Build.0 = Debug|Any CPU
		{CD31999C-E4A9-4936-B3CF-5B5344C47EBA}.Release|Any CPU.ActiveCfg = Release|Any CPU
		{CD31999C-E4A9-4936-B3CF-5B5344C47EBA}.Release|Any CPU.Build.0 = Release|Any CPU
		{715E67D2-7BC2-4CB1-8890-C45082D4F700}.Debug|Any CPU.ActiveCfg = Debug|Any CPU
		{715E67D2-7BC2-4CB1-8890-C45082D4F700}.Debug|Any CPU.Build.0 = Debug|Any CPU
		{715E67D2-7BC2-4CB1-8890-C45082D4F700}.Release|Any CPU.ActiveCfg = Release|Any CPU
		{715E67D2-7BC2-4CB1-8890-C45082D4F700}.Release|Any CPU.Build.0 = Release|Any CPU
		{67725A5B-1DD1-4540-8030-1B6DB24119AC}.Debug|Any CPU.ActiveCfg = Debug|Any CPU
		{67725A5B-1DD1-4540-8030-1B6DB24119AC}.Debug|Any CPU.Build.0 = Debug|Any CPU
		{67725A5B-1DD1-4540-8030-1B6DB24119AC}.Release|Any CPU.ActiveCfg = Release|Any CPU
		{67725A5B-1DD1-4540-8030-1B6DB24119AC}.Release|Any CPU.Build.0 = Release|Any CPU
		{44F12063-F2B7-49B9-BC38-78FA112723E8}.Debug|Any CPU.ActiveCfg = Debug|Any CPU
		{44F12063-F2B7-49B9-BC38-78FA112723E8}.Debug|Any CPU.Build.0 = Debug|Any CPU
		{44F12063-F2B7-49B9-BC38-78FA112723E8}.Release|Any CPU.ActiveCfg = Release|Any CPU
		{44F12063-F2B7-49B9-BC38-78FA112723E8}.Release|Any CPU.Build.0 = Release|Any CPU
		{B6FB4EAB-4CDD-4C78-9514-DE3610CF6698}.Debug|Any CPU.ActiveCfg = Debug|Any CPU
		{B6FB4EAB-4CDD-4C78-9514-DE3610CF6698}.Debug|Any CPU.Build.0 = Debug|Any CPU
		{B6FB4EAB-4CDD-4C78-9514-DE3610CF6698}.Release|Any CPU.ActiveCfg = Release|Any CPU
		{B6FB4EAB-4CDD-4C78-9514-DE3610CF6698}.Release|Any CPU.Build.0 = Release|Any CPU
		{8E9A439E-AF84-40B5-8E71-3F9B1BE46A06}.Debug|Any CPU.ActiveCfg = Debug|Any CPU
		{8E9A439E-AF84-40B5-8E71-3F9B1BE46A06}.Debug|Any CPU.Build.0 = Debug|Any CPU
		{8E9A439E-AF84-40B5-8E71-3F9B1BE46A06}.Release|Any CPU.ActiveCfg = Release|Any CPU
		{8E9A439E-AF84-40B5-8E71-3F9B1BE46A06}.Release|Any CPU.Build.0 = Release|Any CPU
		{48E31DED-1D8B-4D5E-8DA5-ACDFC589593E}.Debug|Any CPU.ActiveCfg = Debug|Any CPU
		{48E31DED-1D8B-4D5E-8DA5-ACDFC589593E}.Debug|Any CPU.Build.0 = Debug|Any CPU
		{48E31DED-1D8B-4D5E-8DA5-ACDFC589593E}.Release|Any CPU.ActiveCfg = Release|Any CPU
		{48E31DED-1D8B-4D5E-8DA5-ACDFC589593E}.Release|Any CPU.Build.0 = Release|Any CPU
		{B4D8AB75-8837-4895-8C3B-1211F50BCF6E}.Debug|Any CPU.ActiveCfg = Debug|Any CPU
		{B4D8AB75-8837-4895-8C3B-1211F50BCF6E}.Debug|Any CPU.Build.0 = Debug|Any CPU
		{B4D8AB75-8837-4895-8C3B-1211F50BCF6E}.Release|Any CPU.ActiveCfg = Release|Any CPU
		{B4D8AB75-8837-4895-8C3B-1211F50BCF6E}.Release|Any CPU.Build.0 = Release|Any CPU
	EndGlobalSection
	GlobalSection(NestedProjects) = preSolution
		{6B6A77F2-B82B-4983-9F5D-6D24FFE9204B} = {1F5BCC07-B841-40AB-92CF-D84858783E34}
		{466536B4-5A11-44F9-9A1C-D99E2CD05281} = {1F5BCC07-B841-40AB-92CF-D84858783E34}
		{DF5363C8-55F7-4BA0-B696-0FEEBC6A4B02} = {1F5BCC07-B841-40AB-92CF-D84858783E34}
		{03EAEC49-35EE-4469-ADB7-2059413853F2} = {7A1DF9B7-BA93-4B36-9223-266AC507190D}
		{CD31999C-E4A9-4936-B3CF-5B5344C47EBA} = {7A1DF9B7-BA93-4B36-9223-266AC507190D}
		{715E67D2-7BC2-4CB1-8890-C45082D4F700} = {7A1DF9B7-BA93-4B36-9223-266AC507190D}
		{67725A5B-1DD1-4540-8030-1B6DB24119AC} = {7A1DF9B7-BA93-4B36-9223-266AC507190D}
		{44F12063-F2B7-49B9-BC38-78FA112723E8} = {A729B6C2-BEFE-4D63-8500-3CC2CBE50B53}
		{B6FB4EAB-4CDD-4C78-9514-DE3610CF6698} = {A729B6C2-BEFE-4D63-8500-3CC2CBE50B53}
		{8E9A439E-AF84-40B5-8E71-3F9B1BE46A06} = {A729B6C2-BEFE-4D63-8500-3CC2CBE50B53}
		{48E31DED-1D8B-4D5E-8DA5-ACDFC589593E} = {A729B6C2-BEFE-4D63-8500-3CC2CBE50B53}
	EndGlobalSection
EndGlobal
