
Microsoft Visual Studio Solution File, Format Version 12.00
Project("{FAE04EC0-301F-11D3-BF4B-00C04F79EFBC}") = "TaskManager.Api", "TaskManager.Api\TaskManager.Api.csproj", "{A9FA6198-F45B-4DC7-BE7C-A7ACAAB9AE57}"
EndProject
Project("{FAE04EC0-301F-11D3-BF4B-00C04F79EFBC}") = "TaskManager.Application", "TaskManager.Application\TaskManager.Application.csproj", "{03924A66-003F-4D8C-AB12-C545EE23DEB2}"
EndProject
Project("{FAE04EC0-301F-11D3-BF4B-00C04F79EFBC}") = "TaskManager.Domain", "TaskManager.Domain\TaskManager.Domain.csproj", "{F65E6775-4476-488E-936F-1BDE608E1E27}"
EndProject
Project("{FAE04EC0-301F-11D3-BF4B-00C04F79EFBC}") = "TaskManager.Infrastructure", "TaskManager.Infrastructure\TaskManager.Infrastructure.csproj", "{EE3C0201-E393-404C-8312-732A5C655C03}"
EndProject
Project("{2150E333-8FDC-42A3-9474-1A3956D46DE8}") = "Solution Folder", "Solution Folder", "{1F5BCC07-B841-40AB-92CF-D84858783E34}"
	ProjectSection(SolutionItems) = preProject
		README.md = README.md
		.gitignore = .gitignore
	EndProjectSection
EndProject
Global
	GlobalSection(SolutionConfigurationPlatforms) = preSolution
		Debug|Any CPU = Debug|Any CPU
		Release|Any CPU = Release|Any CPU
	EndGlobalSection
	GlobalSection(ProjectConfigurationPlatforms) = postSolution
		{A9FA6198-F45B-4DC7-BE7C-A7ACAAB9AE57}.Debug|Any CPU.ActiveCfg = Debug|Any CPU
		{A9FA6198-F45B-4DC7-BE7C-A7ACAAB9AE57}.Debug|Any CPU.Build.0 = Debug|Any CPU
		{A9FA6198-F45B-4DC7-BE7C-A7ACAAB9AE57}.Release|Any CPU.ActiveCfg = Release|Any CPU
		{A9FA6198-F45B-4DC7-BE7C-A7ACAAB9AE57}.Release|Any CPU.Build.0 = Release|Any CPU
		{03924A66-003F-4D8C-AB12-C545EE23DEB2}.Debug|Any CPU.ActiveCfg = Debug|Any CPU
		{03924A66-003F-4D8C-AB12-C545EE23DEB2}.Debug|Any CPU.Build.0 = Debug|Any CPU
		{03924A66-003F-4D8C-AB12-C545EE23DEB2}.Release|Any CPU.ActiveCfg = Release|Any CPU
		{03924A66-003F-4D8C-AB12-C545EE23DEB2}.Release|Any CPU.Build.0 = Release|Any CPU
		{F65E6775-4476-488E-936F-1BDE608E1E27}.Debug|Any CPU.ActiveCfg = Debug|Any CPU
		{F65E6775-4476-488E-936F-1BDE608E1E27}.Debug|Any CPU.Build.0 = Debug|Any CPU
		{F65E6775-4476-488E-936F-1BDE608E1E27}.Release|Any CPU.ActiveCfg = Release|Any CPU
		{F65E6775-4476-488E-936F-1BDE608E1E27}.Release|Any CPU.Build.0 = Release|Any CPU
		{EE3C0201-E393-404C-8312-732A5C655C03}.Debug|Any CPU.ActiveCfg = Debug|Any CPU
		{EE3C0201-E393-404C-8312-732A5C655C03}.Debug|Any CPU.Build.0 = Debug|Any CPU
		{EE3C0201-E393-404C-8312-732A5C655C03}.Release|Any CPU.ActiveCfg = Release|Any CPU
		{EE3C0201-E393-404C-8312-732A5C655C03}.Release|Any CPU.Build.0 = Release|Any CPU
	EndGlobalSection
EndGlobal
